{
  "version": 1,
  "dependencies": {
    "net10.0": {
      "microcard.cryptography": {
        "type": "Project",
        "dependencies": {
          "MicroCard.Framework": "[1.0.0, )"
        }
      },
      "microcard.framework": {
        "type": "Project"
      },
      "microcard.security": {
        "type": "Project",
        "dependencies": {
          "MicroCard.Framework": "[1.0.0, )"
        }
      }
    }
  }
}